
Microsoft Visual Studio Solution File, Format Version 12.00
# Visual Studio Version 16
VisualStudioVersion = 16.0.31911.196
MinimumVisualStudioVersion = 10.0.40219.1
Project("{FAE04EC0-301F-11D3-BF4B-00C04F79EFBC}") = "CreateReportMvcDB", "CreateReportMvcDB.csproj", "{AEB77901-1E6A-477A-B84B-40AB6A754341}"
EndProject
Global
	GlobalSection(SolutionConfigurationPlatforms) = preSolution
		Debug|Any CPU = Debug|Any CPU
		Release|Any CPU = Release|Any CPU
	EndGlobalSection
	GlobalSection(ProjectConfigurationPlatforms) = postSolution
		{AEB77901-1E6A-477A-B84B-40AB6A754341}.Debug|Any CPU.ActiveCfg = Debug|Any CPU
		{AEB77901-1E6A-477A-B84B-40AB6A754341}.Debug|Any CPU.Build.0 = Debug|Any CPU
		{AEB77901-1E6A-477A-B84B-40AB6A754341}.Release|Any CPU.ActiveCfg = Release|Any CPU
		{AEB77901-1E6A-477A-B84B-40AB6A754341}.Release|Any CPU.Build.0 = Release|Any CPU
	EndGlobalSection
	GlobalSection(SolutionProperties) = preSolution
		HideSolutionNode = FALSE
	EndGlobalSection
	GlobalSection(ExtensibilityGlobals) = postSolution
		SolutionGuid = {D2CF0FA0-04E0-4F29-B25D-ACE2E862380B}
	EndGlobalSection
EndGlobal
